
Microsoft Visual Studio Solution File, Format Version 12.00
# Visual Studio Version 16
VisualStudioVersion = 16.0.29920.165
MinimumVisualStudioVersion = 10.0.40219.1
Project("{888888A0-9F3D-457C-B088-3A5042F75D52}") = "modul4_kel17", "modul4_kel17.pyproj", "{BEA2107A-CCEC-4547-AF2F-6F1EFBADBC71}"
EndProject
Global
	GlobalSection(SolutionConfigurationPlatforms) = preSolution
		Debug|Any CPU = Debug|Any CPU
		Release|Any CPU = Release|Any CPU
	EndGlobalSection
	GlobalSection(ProjectConfigurationPlatforms) = postSolution
		{BEA2107A-CCEC-4547-AF2F-6F1EFBADBC71}.Debug|Any CPU.ActiveCfg = Debug|Any CPU
		{BEA2107A-CCEC-4547-AF2F-6F1EFBADBC71}.Release|Any CPU.ActiveCfg = Release|Any CPU
	EndGlobalSection
	GlobalSection(SolutionProperties) = preSolution
		HideSolutionNode = FALSE
	EndGlobalSection
	GlobalSection(ExtensibilityGlobals) = postSolution
		SolutionGuid = {8C7E5902-B509-4D6E-BA74-71C15B5B2B22}
	EndGlobalSection
EndGlobal
